
Microsoft Visual Studio Solution File, Format Version 12.00
# Visual Studio Version 17
VisualStudioVersion = 17.6.33829.357
MinimumVisualStudioVersion = 10.0.40219.1
Project("{FAE04EC0-301F-11D3-BF4B-00C04F79EFBC}") = "Proyecto_final_rpg", "Proyecto_final_rpg\Proyecto_final_rpg.csproj", "{7E420321-3F06-4DCC-A643-EE1EC9679854}"
EndProject
Global
	GlobalSection(SolutionConfigurationPlatforms) = preSolution
		Debug|Any CPU = Debug|Any CPU
		Release|Any CPU = Release|Any CPU
	EndGlobalSection
	GlobalSection(ProjectConfigurationPlatforms) = postSolution
		{7E420321-3F06-4DCC-A643-EE1EC9679854}.Debug|Any CPU.ActiveCfg = Debug|Any CPU
		{7E420321-3F06-4DCC-A643-EE1EC9679854}.Debug|Any CPU.Build.0 = Debug|Any CPU
		{7E420321-3F06-4DCC-A643-EE1EC9679854}.Release|Any CPU.ActiveCfg = Release|Any CPU
		{7E420321-3F06-4DCC-A643-EE1EC9679854}.Release|Any CPU.Build.0 = Release|Any CPU
	EndGlobalSection
	GlobalSection(SolutionProperties) = preSolution
		HideSolutionNode = FALSE
	EndGlobalSection
	GlobalSection(ExtensibilityGlobals) = postSolution
		SolutionGuid = {87DA56B0-8F25-4E79-A865-94C4D094E2BB}
	EndGlobalSection
EndGlobal
